cel.dev/expr v0.25.2 h1:K6j46C81hXtZQfuX60cVWQFBJahKSE2gfRbNuvr5bFs=
cel.dev/expr v0.25.2/go.mod h1:hrXvqGP6G6gyx8UAHSHJ5RGk//1Oj5nXQ2NI02Nrsg4=
cloud.google.com/go v0.123.0 h1:2NAUJwPR47q+E35uaJeYoNhuNEM9kM8SjgRgdeOJUSE=
cloud.google.com/go v0.123.0/go.mod h1:xBoMV08QcqUGuPW65Qfm1o9Y4zKZBpGS+7bImXLTAZU=
cloud.google.com/go/auth v0.18.2 h1:+Nbt5Ev0xEqxlNjd6c+yYUeosQ5TtEUaNcN/3FozlaM=
cloud.google.com/go/auth v0.18.2/go.mod h1:xD+oY7gcahcu7G2SG2DsBerfFxgPAJz17zz2joOFF3M=
cloud.google.com/go/auth/oauth2adapt v0.2.8 h1:keo8NaayQZ6wimpNSmW5OPc283g65QNIiLpZnkHRbnc=
cloud.google.com/go/auth/oauth2adapt v0.2.8/go.mod h1:XQ9y31RkqZCcwJWNSx2Xvric3RrU88hAYYbjDWYDL+c=
cloud.google.com/go/compute/metadata v0.9.0 h1:pDUj4QMoPejqq20dK0Pg2N4yG9zIkYGdBtwLoEkH9Zs=
cloud.google.com/go/compute/metadata v0.9.0/go.mod h1:E0bWwX5wTnLPedCKqk3pJmVgCBSM6qQI1yTBdEb3C10=
cloud.google.com/go/iam v1.5.3 h1:+vMINPiDF2ognBJ97ABAYYwRgsaqxPbQDlMnbHMjolc=
cloud.google.com/go/iam v1.5.3/go.mod h1:MR3v9oLkZCTlaqljW6Eb2d3HGDGK5/bDv93jhfISFvU=
cloud.google.com/go/monitoring v1.24.3 h1:dde+gMNc0UhPZD1Azu6at2e79bfdztVDS5lvhOdsgaE=
cloud.google.com/go/monitoring v1.24.3/go.mod h1:nYP6W0tm3N9H/bOw8am7t62YTzZY+zUeQ+Bi6+2eonI=
cloud.google.com/go/storage v1.61.3 h1:VS//ZfBuPGDvakfD9xyPW1RGF1Vy3BWUoVZXgW1KMOg=
cloud.google.com/go/storage v1.61.3/go.mod h1:JtqK8BBB7TWv0HVGHubtUdzYYrakOQIsMLffZ2Z/HWk=
github.com/GoogleCloudPlatform/opentelemetry-operations-go/detectors/gcp v1.33.0 h1:l7+6kwRMJNwdCvYdDl7Eax+wzEYHSnNY7zrrfbhDdTA=
github.com/GoogleCloudPlatform/opentelemetry-operations-go/detectors/gcp v1.33.0/go.mod h1:pJTkW8hEUIIi3Pf65lPZOnn4Y81yCllX6IWk2jNXdkM=
github.com/GoogleCloudPlatform/opentelemetry-operations-go/exporter/metric v0.55.0 h1:UnDZ/zFfG1JhH/DqxIZYU/1CUAlTUScoXD/LcM2Ykk8=
github.com/GoogleCloudPlatform/opentelemetry-operations-go/exporter/metric v0.55.0/go.mod h1:IA1C1U7jO/ENqm/vhi7V9YYpBsp+IMyqNrEN94N7tVc=
github.com/GoogleCloudPlatform/opentelemetry-operations-go/internal/resourcemapping v0.55.0 h1:0s6TxfCu2KHkkZPnBfsQ2y5qia0jl3MMrmBhu3nCOYk=
github.com/GoogleCloudPlatform/opentelemetry-operations-go/internal/resourcemapping v0.55.0/go.mod h1:Mf6O40IAyB9zR/1J8nGDDPirZQQPbYJni8Yisy7NTMc=
github.com/KimMachineGun/automemlimit v1.0.0 h1:+MqlvDE/pkJNjk1rU+O14QsH8k10nJAD0frB0lsxyvw=
github.com/KimMachineGun/automemlimit v1.0.0/go.mod h1:n+BSXxQWDFS1DKh67Rqo0lgTsowsg6x65ak5uyngML0=
github.com/aws/aws-sdk-go-v2 v1.41.9 h1:/rYeyO2+HrMztAmxAq9++XJtFMqSIpSsNA0yDGALYq4=
github.com/aws/aws-sdk-go-v2 v1.41.9/go.mod h1:+HsoOEX80qAVUitj1A2DhCNTjmb3edVyuDypb6LNEeo=
github.com/aws/aws-sdk-go-v2/aws/protocol/eventstream v1.7.11 h1:h5+3VT69KUBK24grGuuA5saDJTj2IIjLb9au668Fo5I=
github.com/aws/aws-sdk-go-v2/aws/protocol/eventstream v1.7.11/go.mod h1:dnakxebH6UwFvcvujL0LVggYQ8nEvBGjU4G/V79Nv94=
github.com/aws/aws-sdk-go-v2/config v1.32.20 h1:8VMDnWc/kEzxsI/1ngGM9mG81a8IGmIHD8KLcYGwagc=
github.com/aws/aws-sdk-go-v2/config v1.32.20/go.mod h1:PuwEpciweIXGULWeOeSTXtSbH4CW9mWdWrhdCKQI1sM=
github.com/aws/aws-sdk-go-v2/credentials v1.19.19 h1:yuFzSV1U0aRNYCQGVaTY2zW2M/L93pYHnXnrJUphYhU=
github.com/aws/aws-sdk-go-v2/credentials v1.19.19/go.mod h1:7y63L1kGzeoDlJaQ3Z578KrnmfBut96JjvJUzGwR+YE=
github.com/aws/aws-sdk-go-v2/feature/ec2/imds v1.18.25 h1:0w6dCiO8iez+YKwRhRBlL1CH/E3GTfdkuzrwj1by8vo=
github.com/aws/aws-sdk-go-v2/feature/ec2/imds v1.18.25/go.mod h1:9FDWUothyr5RCRAHc45XOiVCzUR8n/IhCYX+uVqw6vk=
github.com/aws/aws-sdk-go-v2/feature/s3/transfermanager v0.2.3 h1:w5OoDiMN6x53ROmiIImGzmVcxXv2q1GXY+aKV4WAJYM=
github.com/aws/aws-sdk-go-v2/feature/s3/transfermanager v0.2.3/go.mod h1:dAhgYp776bX3LuWvnSCFwQEjNs6fuFg7YXIy5PXcP3Q=
github.com/aws/aws-sdk-go-v2/internal/configsources v1.4.25 h1:Uii3frf9ztec/ABM2/FSH9/z7PLzxfpG8h4RpkUFflQ=
github.com/aws/aws-sdk-go-v2/internal/configsources v1.4.25/go.mod h1:G6kntsA2GorAxDPbap6xgB2F+amSLUF8GJTi7PUoX44=
github.com/aws/aws-sdk-go-v2/internal/endpoints/v2 v2.7.25 h1:r1+/l6m+WaUJF9HISEsNOLHSNj5EXYQxK8VX6Cz9NlA=
github.com/aws/aws-sdk-go-v2/internal/endpoints/v2 v2.7.25/go.mod h1:cKf+D+NMDK1LndD7BowHbBZPgR9V0/5HubH0PFWvA+c=
github.com/aws/aws-sdk-go-v2/internal/v4a v1.4.26 h1:A1PmWU2zfkIm9EyFlJncFXL4W4phML+h8KjltUsCvNQ=
github.com/aws/aws-sdk-go-v2/internal/v4a v1.4.26/go.mod h1:dY4MRzXEizrD4hqtpKvWVGPX7QleSGGVY+EBolo1RmM=
github.com/aws/aws-sdk-go-v2/service/internal/accept-encoding v1.13.10 h1:d5/908OJ4bXg8lyjeMPvXetEKqoDoLi5Owy1zNue3yg=
github.com/aws/aws-sdk-go-v2/service/internal/accept-encoding v1.13.10/go.mod h1:a57l7Hwh+FWI+we50g5NPJHYUKeJKfXbc4w8SyXu8Ig=
github.com/aws/aws-sdk-go-v2/service/internal/checksum v1.9.18 h1:W/EyPFl9A5rXrtoilfwHYEvzHER+K4SpBPtMXi24Mos=
github.com/aws/aws-sdk-go-v2/service/internal/checksum v1.9.18/go.mod h1:UG50K+pvd/uy6xExbobg0rjqFBFZe6I3l75EPDZw4tg=
github.com/aws/aws-sdk-go-v2/service/internal/presigned-url v1.13.25 h1:dD3dhHNglpd98gs72my22Ndqi1hqQGllFFg1F+twfxg=
github.com/aws/aws-sdk-go-v2/service/internal/presigned-url v1.13.25/go.mod h1:0yAbjPfd64gG7mj85RW+fMEYdfBgCRZw8g/oWcL1pjc=
github.com/aws/aws-sdk-go-v2/service/internal/s3shared v1.19.25 h1:2pQEbwf+/6EDbiit/GcBE2K4IUpMZymaA0kOz3xK978=
github.com/aws/aws-sdk-go-v2/service/internal/s3shared v1.19.25/go.mod h1:KvT6NCcQ0EZ+ZkVRrlBMt04Po3ok23YELEp7WimhLhM=
github.com/aws/aws-sdk-go-v2/service/s3 v1.102.2 h1:ie4ElCmUKS26pzrZcIk/lmt4yWjAqLLcawstyQCh298=
github.com/aws/aws-sdk-go-v2/service/s3 v1.102.2/go.mod h1:zjsomFeX5duj+4PlMB+o4JoWTIx+G0XMyzjYrUbQkN0=
github.com/aws/aws-sdk-go-v2/service/signin v1.1.1 h1:1VwbP3qMNfxUDEXWki4rCE5iA+44VA1lokTz9HasGzw=
github.com/aws/aws-sdk-go-v2/service/signin v1.1.1/go.mod h1:vUtyoSj0OPji3kjIVSc/GlKuWEiL33f/WFxl6dmpy/A=
github.com/aws/aws-sdk-go-v2/service/sso v1.30.19 h1:N6pIsdFOW1Kd9S4KyFKXdGRBojPPxkP32+uHFWLv4Hc=
github.com/aws/aws-sdk-go-v2/service/sso v1.30.19/go.mod h1:3gt5WJArFooNmyLONS+h/R4J+o86II8du38IgCwj9dE=
github.com/aws/aws-sdk-go-v2/service/ssooidc v1.36.2 h1:hc+lBYiiTr8Zk4MTzIsQ92MeDWCIDvWGmzKUWOaBcOg=
github.com/aws/aws-sdk-go-v2/service/ssooidc v1.36.2/go.mod h1:hU6fqB3OJA6/ePheD47LQnxvjYk6br6PtQxs+Q9ojvk=
github.com/aws/aws-sdk-go-v2/service/sts v1.42.3 h1:ErklX/7uhSbkAAeyQD/Y1OoQ9hO3SJXQNEgksORW3Js=
github.com/aws/aws-sdk-go-v2/service/sts v1.42.3/go.mod h1:ULe4HCzfKPiR6R3HEurE3b1upEkuk8AkMrOKtaOxKO8=
github.com/aws/smithy-go v1.26.0 h1:9ouqbi+NyKP7fV3Te7UElCwdAb6Y8uk7LGwPE5tVe/s=
github.com/aws/smithy-go v1.26.0/go.mod h1:YE2RhdIuDbA5E5bTdciG9KrW3+TiEONeUWCqxX9i1Fc=
github.com/cenkalti/backoff/v5 v5.0.3 h1:ZN+IMa753KfX5hd8vVaMixjnqRZ3y8CuJKRKj1xcsSM=
github.com/cenkalti/backoff/v5 v5.0.3/go.mod h1:rkhZdG3JZukswDf7f0cwqPNk4K0sa+F97BxZthm/crw=
github.com/cespare/xxhash/v2 v2.3.0 h1:UL815xU9SqsFlibzuggzjXhog7bL6oX9BbNZnL2UFvs=
github.com/cespare/xxhash/v2 v2.3.0/go.mod h1:VGX0DQ3Q6kWi7AoAeZDth3/j3BFtOZR5XLFGgcrjCOs=
github.com/cncf/xds/go v0.0.0-20260202195803-dba9d589def2 h1:aBangftG7EVZoUb69Os8IaYg++6uMOdKK83QtkkvJik=
github.com/cncf/xds/go v0.0.0-20260202195803-dba9d589def2/go.mod h1:qwXFYgsP6T7XnJtbKlf1HP8AjxZZyzxMmc+Lq5GjlU4=
github.com/ebitengine/gomobile v0.0.0-20260820040257-d11f821a26a6 h1:Tnc3YtzxhgsvNdNrER9wWkGJbyjOwyUuzjUY5rZK72k=
github.com/ebitengine/gomobile v0.0.0-20260820040257-d11f821a26a6/go.mod h1:gwnFEwdzWZpNehgwkeK4756Ez58f58bXz6bgEAq+xqk=
github.com/ebitengine/hideconsole v1.0.0 h1:5J4U0kXF+pv/DhiXt5/lTz0eO5ogJ1iXb8Yj1yReDqE=
github.com/ebitengine/hideconsole v1.0.0/go.mod h1:hTTBTvVYWKBuxPr7peweneWdkUwEuHuB3C1R/ielR1A=
github.com/ebitengine/purego v0.11.0 h1:jhp/D+Nyv7UUW8HAcmcjt2N2rYrYi9m3SL21k0Ua/NI=
github.com/ebitengine/purego v0.11.0/go.mod h1:DCHPP08djqhNSoTfImcnHYQRZmd0qhakvrozqaEYhGQ=
github.com/envoyproxy/go-control-plane v0.14.0 h1:hbG2kr4RuFj222B6+7T83thSPqLjwBIfQawTkC++2HA=
github.com/envoyproxy/go-control-plane/envoy v1.37.0 h1:u3riX6BoYRfF4Dr7dwSOroNfdSbEPe9Yyl09/B6wBrQ=
github.com/envoyproxy/go-control-plane/envoy v1.37.0/go.mod h1:DReE9MMrmecPy+YvQOAOHNYMALuowAnbjjEMkkWOi6A=
github.com/envoyproxy/protoc-gen-validate v1.3.3 h1:MVQghNeW+LZcmXe7SY1V36Z+WFMDjpqGAGacLe2T0ds=
github.com/envoyproxy/protoc-gen-validate v1.3.3/go.mod h1:TsndJ/ngyIdQRhMcVVGDDHINPLWB7C82oDArY51KfB0=
github.com/felixge/httpsnoop v1.1.0 h1:3YtUj32ZZkqZtt3sZZsClsymw/QDuVfpNhoA31zeORc=
github.com/felixge/httpsnoop v1.1.0/go.mod h1:Zqxgdd+1Rkcz8euOqdr7lqgCRJztwr5hp9vDSi5UZCE=
github.com/go-jose/go-jose/v4 v4.1.4 h1:moDMcTHmvE6Groj34emNPLs/qtYXRVcd6S7NHbHz3kA=
github.com/go-jose/go-jose/v4 v4.1.4/go.mod h1:x4oUasVrzR7071A4TnHLGSPpNOm2a21K9Kf04k1rs08=
github.com/go-logr/logr v1.2.2/go.mod h1:jdQByPbusPIv2/zmleS9BjJVeZ6kBagPoEUsqbVz/1A=
github.com/go-logr/logr v1.4.4 h1:tG4xh9yMsRCAiodLVTxyrkzSZ9+o0L1Kg/+cPVcbP/8=
github.com/go-logr/logr v1.4.4/go.mod h1:9T104GzyrTigFIr8wt5mBrctHMim0Nb2HLGrmQ40KvY=
github.com/go-logr/stdr v1.2.2 h1:hSWxHoqTgW2S2qGc0LTAI563KZ5YKYRhT3MFKZMbjag=
github.com/go-logr/stdr v1.2.2/go.mod h1:mMo/vtBO5dYbehREoey6XUKy/eSumjCCveDpRre4VKE=
github.com/go-text/typesetting v0.3.5 h1:XZPUooClHY0Vf/rFyUyuPRNEkawARaFzLMQcXLSEyPk=
github.com/go-text/typesetting v0.3.5/go.mod h1:XZO1hD+nQVyvVa5IicQk7FsCa4PFQaJ2soWAP1f//68=
github.com/go-text/typesetting-utils v0.0.0-20260419141703-4ffe8874dabc h1:8FGo2It5K75XkavhTiCKExUfVaVDS1feBnLCru5qeoY=
github.com/go-text/typesetting-utils v0.0.0-20260419141703-4ffe8874dabc/go.mod h1:3/62I4La/HBRX9TcTpBj4eipLiwzf+vhI+7whTc9V7o=
github.com/golang/protobuf v1.5.4 h1:i7eJL8qZTpSEXOPTxNKhASYpMn+8e5Q6AdndVa1dWek=
github.com/golang/protobuf v1.5.4/go.mod h1:lnTiLA8Wa4RWRcIUkrtSVa5nRhsEGBg48fD6rSs7xps=
github.com/google/go-cmp v0.7.0 h1:wk8382ETsv4JYUZwIsn6YpYiWiBsYLSJiTsyBybVuN8=
github.com/google/go-cmp v0.7.0/go.mod h1:pXiqmnSA92OHEEa9HXL2W4E7lf9JzCmGVUdgjX3N/iU=
github.com/google/s2a-go v0.1.9 h1:LGD7gtMgezd8a/Xak7mEWL0PjoTQFvpRudN895yqKW0=
github.com/google/s2a-go v0.1.9/go.mod h1:YA0Ei2ZQL3acow2O62kdp9UlnvMmU7kA6Eutn0dXayM=
github.com/google/uuid v1.6.0 h1:NIvaJDMOsjHA8n1jAhLSgzrAzy1Hgr+hNrb57e+94F0=
github.com/google/uuid v1.6.0/go.mod h1:TIyPZe4MgqvfeYDBFedMoGGpEw/LqOeaOT+nhxU+yHo=
github.com/google/wire v0.7.0 h1:JxUKI6+CVBgCO2WToKy/nQk0sS+amI9z9EjVmdaocj4=
github.com/google/wire v0.7.0/go.mod h1:n6YbUQD9cPKTnHXEBN2DXlOp/mVADhVErcMFb0v3J18=
github.com/googleapis/enterprise-certificate-proxy v0.3.14 h1:yh8ncqsbUY4shRD5dA6RlzjJaT4hi3kII+zYw8wmLb8=
github.com/googleapis/enterprise-certificate-proxy v0.3.14/go.mod h1:vqVt9yG9480NtzREnTlmGSBmFrA+bzb0yl0TxoBQXOg=
github.com/googleapis/gax-go/v2 v2.19.0 h1:fYQaUOiGwll0cGj7jmHT/0nPlcrZDFPrZRhTsoCr8hE=
github.com/googleapis/gax-go/v2 v2.19.0/go.mod h1:w2ROXVdfGEVFXzmlciUU4EdjHgWvB5h2n6x/8XSTTJA=
github.com/grpc-ecosystem/grpc-gateway/v2 v2.30.0 h1:/Tnpcb2E0Pz/tN9s3bfEY2Q8ePCEX9iuS+cneUwncnw=
github.com/grpc-ecosystem/grpc-gateway/v2 v2.30.0/go.mod h1:zOBXOsUaBSjKgmH4OGzV1esUpR3oUSCPYVd2cUBjKYY=
github.com/hajimehoshi/bitmapfont/v4 v4.2.0 h1:bpeN2ph7aHSuX7yoWFkLPo4ado9K+E+Dq7t6MoFcJAU=
github.com/hajimehoshi/bitmapfont/v4 v4.2.0/go.mod h1:AIeoQek1nxUmDczXNtFEYWTQ4ArINijutPD729q/NeE=
github.com/hajimehoshi/ebiten/v2 v2.10.2 h1:uNMOpfb/pW7GQRMsSn/pxwrk9rNcgSaIdjKwFZS11LM=
github.com/hajimehoshi/ebiten/v2 v2.10.2/go.mod h1:47QNgyS/y2ZRkjVUvlGLx8a+F7MSjcn8/GsjcCZ9Rc8=
github.com/pbnjay/memory v0.0.0-20210728143218-7b4eea64cf58 h1:onHthvaw9LFnH4t2DcNVpwGmV9E1BkGknEliJkfwQj0=
github.com/pbnjay/memory v0.0.0-20210728143218-7b4eea64cf58/go.mod h1:DXv8WO4yhMYhSNPKjeNKa5WY9YCIEBRbNzFFPJbWO6Y=
github.com/pierrec/lz4/v4 v4.1.29 h1:CDQY6qZOLI4DW0Nx6R1vRrifrCeQHnNXkMb0hZWXFjg=
github.com/pierrec/lz4/v4 v4.1.29/go.mod h1:EoQMVJgeeEOMsCqCzqFm2O0cJvljX2nGZjcRIPL34O4=
github.com/planetscale/vtprotobuf v0.6.1-0.20240319094008-0393e58bdf10 h1:GFCKgmp0tecUJ0sJuv4pzYCqS9+RGSn52M3FUwPs+uo=
github.com/planetscale/vtprotobuf v0.6.1-0.20240319094008-0393e58bdf10/go.mod h1:t/avpk3KcrXxUnYOhZhMXJlSEyie6gQbtLq5NM3loB8=
github.com/spiffe/go-spiffe/v2 v2.7.0 h1:uXe1MflJoHw58wAUvxVlcM7WpKtijWG7I1UidcGh6g4=
github.com/spiffe/go-spiffe/v2 v2.7.0/go.mod h1:47Q0Q9/AqGha8QLHp+kxpH4Wca7X7EnOtlIJy3mxZ3U=
github.com/srwiley/rasterx v0.0.0-20220730225603-2ab79fcdd4ef h1:Ch6Q+AZUxDBCVqdkI8FSpFyZDtCVBc2VmejdNrm5rRQ=
github.com/srwiley/rasterx v0.0.0-20220730225603-2ab79fcdd4ef/go.mod h1:nXTWP6+gD5+LUJ8krVhhoeHjvHTutPxMYl5SvkcnJNE=
github.com/stretchr/testify v1.12.1 h1:EuwCh5fleGS7H32xRwO3wRGT7DxrDhLAT6FF8MpWDWE=
github.com/stretchr/testify v1.12.1/go.mod h1:MDEgiDPPsNp5cuIrHPPCyornHKgEVbtFUmoNlxoYthg=
go.opentelemetry.io/auto/sdk v1.2.1 h1:jXsnJ4Lmnqd11kwkBV2LgLoFMZKizbCi5fNZ/ipaZ64=
go.opentelemetry.io/auto/sdk v1.2.1/go.mod h1:KRTj+aOaElaLi+wW1kO/DZRXwkF4C5xPbEe3ZiIhN7Y=
go.opentelemetry.io/contrib/detectors/gcp v1.44.0 h1:NmLfL734pJhM0JKaYd2Y28+nY9dPRWYAAbxhRCrKXPw=
go.opentelemetry.io/contrib/detectors/gcp v1.44.0/go.mod h1:tNAsgd8avTGke1+MndXlU5Cru4PQ9Ai/cCNWQv/ZJ/s=
go.opentelemetry.io/contrib/instrumentation/google.golang.org/grpc/otelgrpc v0.70.0 h1:oECp5f+hN7nkwjU/8BxQ/q23bGPb8FIrD839owX222E=
go.opentelemetry.io/contrib/instrumentation/google.golang.org/grpc/otelgrpc v0.70.0/go.mod h1:DqEFwLumhzMBDQv9PcWbyoDxHI/4lAk6CM4nJBH39sc=
go.opentelemetry.io/contrib/instrumentation/net/http/otelhttp v0.71.0 h1:3g7B90UzBltIDKq1/5mrTGxTnOFDV0ICOhLoxiZ8jlg=
go.opentelemetry.io/contrib/instrumentation/net/http/otelhttp v0.71.0/go.mod h1:Ef8SuTh59BT7+ofpDxN9z+yOlc4t2GjLmKDgYNJL/NU=
go.opentelemetry.io/contrib/instrumentation/runtime v0.71.0 h1:v4KkRLVvE1cWqTJDfZZkTCG+Z4aolsa6RVos0FX7vqE=
go.opentelemetry.io/contrib/instrumentation/runtime v0.71.0/go.mod h1:g/xbuPC0XbgwMdKuyF5sKOUUEsorSkN6APydyFP/H9E=
go.opentelemetry.io/otel v1.46.0 h1:FHt5/CDyVxi/8IM1CH7VE/rRgq3kLHa2mSTVMO8AWyc=
go.opentelemetry.io/otel v1.46.0/go.mod h1:Gj3SEScelsNC45tp4nSxRYlS+f5iez7W8XPMCt905kE=
go.opentelemetry.io/otel/exporters/otlp/otlpmetric/otlpmetrichttp v1.46.0 h1:AP23h/mFgb/lc7tdck1Kfn9qxsM8TAeNPCU5C3pzaps=
go.opentelemetry.io/otel/exporters/otlp/otlpmetric/otlpmetrichttp v1.46.0/go.mod h1:K4EqCe1b4kGk5WR690ntg9LaBfsPoV32FwthbyoptuA=
go.opentelemetry.io/otel/exporters/otlp/otlptrace v1.46.0 h1:OFnwLJr+pF3iHrlGSzbxyuo6/6HyBlnlN1CWEJmBVcw=
go.opentelemetry.io/otel/exporters/otlp/otlptrace v1.46.0/go.mod h1:716wFneO0ov19A2beH5hjfh9AK5z/VWNAtDijp1Y0/g=
go.opentelemetry.io/otel/exporters/otlp/otlptrace/otlptracehttp v1.46.0 h1:KrC1YrQeSt46ITMWAbgQx1M1eV1/1TKzttrBzymPmss=
go.opentelemetry.io/otel/exporters/otlp/otlptrace/otlptracehttp v1.46.0/go.mod h1:zDSEzoEqsOrgBeGvH66KRgxh90VonFyJqBHA0Pk3+rM=
go.opentelemetry.io/otel/metric v1.46.0 h1:yBnkXvgV7AXFILZc5K6IZe/CBFF3OS7BJ8ov6/lj0K8=
go.opentelemetry.io/otel/metric v1.46.0/go.mod h1:iPmdWqifKUdzziPkvvzIJXITl56fQx2mGM/DHLB3/2o=
go.opentelemetry.io/otel/metric/x v0.68.0 h1:TA/cBT23D3MnxYPwHL7YFOdYGdx0A0v+s7Mzotpd1dU=
go.opentelemetry.io/otel/metric/x v0.68.0/go.mod h1:agudOmvWhwUTjgibWDzxD2PoWYnpw5Ht5jISYOD2Hd4=
go.opentelemetry.io/otel/sdk v1.46.0 h1:h5CNQQjEbuQXY/JfZtgt3i7HVFV3aHPO2OAwO2eTYPI=
go.opentelemetry.io/otel/sdk v1.46.0/go.mod h1:GAERFXFt5SYCEB+YiKUbMBeza6UaDH7GmGOZEfh2gSM=
go.opentelemetry.io/otel/sdk/metric v1.46.0 h1:0piZ26EG4RBfebb2jhDH6ERCYHoVWduc3kLgPCwSnSE=
go.opentelemetry.io/otel/sdk/metric v1.46.0/go.mod h1:I1PbKrdVc8Qu8HYVDNtqVIwLwjNrhsV/uFuxfwg8mO4=
go.opentelemetry.io/otel/trace v1.46.0 h1:OULy7ccdJnZtJ0UDYFOIGaCmiWzJ8Vi2G/Rsu60qs1c=
go.opentelemetry.io/otel/trace v1.46.0/go.mod h1:J7GAXweO77XSFkB/rmAqk9D6ihszhFjLU+d9WuUxDLI=
go.opentelemetry.io/proto/otlp v1.11.0 h1:5rrYs0Ykyj50sdU/JU0x8etU+LubXWb+gED6TbEdMIk=
go.opentelemetry.io/proto/otlp v1.11.0/go.mod h1:SmVizdCOAm3XBtG1g1NnOdhW6jtddT72hLMhv8VwA8E=
go.uber.org/goleak v1.3.0 h1:2K3zAYmnTNqV73imy9J1T3WC+gmCePx2hEGkimedGto=
go.uber.org/goleak v1.3.0/go.mod h1:CoHD4mav9JJNrW/WLlf7HGZPjdw8EucARQHekz1X6bE=
go.yaml.in/yaml/v3 v3.0.5 h1:N6y/pJk8buWs9NY5ERU2HSMfm+IuD/OtfdAnq6kESPw=
go.yaml.in/yaml/v3 v3.0.5/go.mod h1:HVTZu1O7/Vkt2N+BFy8Zza+lnLsABggaTM2ZpNIGuKg=
gocloud.dev v0.46.0 h1:niIuZwSjMtBx8K+ITB2s5kZullB13PGOS2ZoQPZxQ4Q=
gocloud.dev v0.46.0/go.mod h1:ACQe+2qO+hEO+pdcvvsM+RB63r8TyGD1W3ESCLFyzvM=
golang.org/x/crypto v0.55.0 h1:+KWHjbgOaAQ66dh/YlkZKHlz9ZUlq61AFirAR9ntP8M=
golang.org/x/crypto v0.55.0/go.mod h1:uq0V9dE/fzQuJtbnL+2EhWOE63vo164FY8xqEnV9xis=
golang.org/x/image v0.45.0 h1:FMb1nTbH5H9vF55SriQHgFw5GnNL9Jg6L25BwXKzhB0=
golang.org/x/image v0.45.0/go.mod h1:n62x/7RqlwXDvGsSU4u6IUTUf6KghUZ9Bt7cG/T9Fx4=
golang.org/x/net v0.58.0 h1:ynWG7rqYi4ccpTEuPZ2QGWHktVEM9DMCj9yzDE0Q7To=
golang.org/x/net v0.58.0/go.mod h1:YwCddHnFlT7eLQqVprV19OnhLGtc5xOKgE0RyqgfWAU=
golang.org/x/oauth2 v0.36.0 h1:peZ/1z27fi9hUOFCAZaHyrpWG5lwe0RJEEEeH0ThlIs=
golang.org/x/oauth2 v0.36.0/go.mod h1:YDBUJMTkDnJS+A4BP4eZBjCqtokkg1hODuPjwiGPO7Q=
golang.org/x/sync v0.22.0 h1:SZjpbeLmrCk4xhRSZFNZW5gFUeCeFgjekvI/+gfScek=
golang.org/x/sync v0.22.0/go.mod h1:9xrNwdLfx4jkKbNva9FpL6vEN7evnE43NNNJQ2LF3+0=
golang.org/x/sys v0.47.0 h1:o7XGOvZQCADBQQ4Y7VNq2dRWQR7JmOUW8Kxx4ZsNgWs=
golang.org/x/sys v0.47.0/go.mod h1:4GL1E5IUh+htKOUEOaiffhrAeqysfVGipDYzABqnCmw=
golang.org/x/text v0.41.0 h1:vz/seA0lnX87Othu2f/0L24RcgrXD9/YFTSuGjj3rH8=
golang.org/x/text v0.41.0/go.mod h1:jvf1O8ajNzZqhSrQBPbutR/EB83Cc0CFrezNQIwbb5M=
golang.org/x/time v0.15.0 h1:bbrp8t3bGUeFOx08pvsMYRTCVSMk89u4tKbNOZbp88U=
golang.org/x/time v0.15.0/go.mod h1:Y4YMaQmXwGQZoFaVFk4YpCt4FLQMYKZe9oeV/f4MSno=
golang.org/x/xerrors v0.0.0-20240903120638-7835f813f4da h1:noIWHXmPHxILtqtCOPIhSt0ABwskkZKjD3bXGnZGpNY=
golang.org/x/xerrors v0.0.0-20240903120638-7835f813f4da/go.mod h1:NDW/Ps6MPRej6fsCIbMTohpP40sJ/P/vI1MoTEGwX90=
gonum.org/v1/gonum v0.17.0 h1:VbpOemQlsSMrYmn7T2OUvQ4dqxQXU+ouZFQsZOx50z4=
gonum.org/v1/gonum v0.17.0/go.mod h1:El3tOrEuMpv2UdMrbNlKEh9vd86bmQ6vqIcDwxEOc1E=
google.golang.org/api v0.272.0 h1:eLUQZGnAS3OHn31URRf9sAmRk3w2JjMx37d2k8AjJmA=
google.golang.org/api v0.272.0/go.mod h1:wKjowi5LNJc5qarNvDCvNQBn3rVK8nSy6jg2SwRwzIA=
google.golang.org/genproto v0.0.0-20260316180232-0b37fe3546d5 h1:JNfk58HZ8lfmXbYK2vx/UvsqIL59TzByCxPIX4TDmsE=
google.golang.org/genproto v0.0.0-20260316180232-0b37fe3546d5/go.mod h1:x5julN69+ED4PcFk/XWayw35O0lf/nGa4aNgODCmNmw=
google.golang.org/genproto/googleapis/api v0.0.0-20260819154853-08b0e4226688 h1:ax2KzoSRIZU/M0cIxri3pKxy99vniH1PVxWC6si/eZI=
google.golang.org/genproto/googleapis/api v0.0.0-20260819154853-08b0e4226688/go.mod h1:1RJ9BQGyNdZwkGc1eTqkErfRZ6RJyYPHZo73BZ1vQqI=
google.golang.org/genproto/googleapis/rpc v0.0.0-20260819154853-08b0e4226688 h1:cYNAzI2sUwhmCcoj9TxvihSrqsxt6uIkj3rDRhSDmW4=
google.golang.org/genproto/googleapis/rpc v0.0.0-20260819154853-08b0e4226688/go.mod h1:DjtHYE8FKJLivXcBEjGwndXfIC23G0VpXiXKqG179uA=
google.golang.org/grpc v1.83.2 h1:EManeRomTObA0BU7I8vXgg/78uE5MJ9M8B39EX2WscU=
google.golang.org/grpc v1.83.2/go.mod h1:YPI1hK3kDked6iHvgX3tR0y+nX/qpMFKhPgFsokw1S8=
google.golang.org/protobuf v1.36.12 h1:pJOKDDOyeXErUroCihFAd5LQuwXBSpVnKGrj5o/fwxc=
google.golang.org/protobuf v1.36.12/go.mod h1:HTf+CrKn2C3g5S8VImy6tdcUvCska2kB7j23XfzDpco=
